
Microsoft Visual Studio Solution File, Format Version 12.00
# Visual Studio Version 16
VisualStudioVersion = 16.0.30225.117
MinimumVisualStudioVersion = 10.0.40219.1
Project("{FAE04EC0-301F-11D3-BF4B-00C04F79EFBC}") = "CtrlVAF.Tests", "CtrlVAF.Tests\CtrlVAF.Tests.csproj", "{712CCD24-39EA-4E95-9D3E-DEC7D181AC32}"
EndProject
Project("{FAE04EC0-301F-11D3-BF4B-00C04F79EFBC}") = "CtrlVAF.AdditionalAssembly", "CtrlVAF.AdditionalAssembly\CtrlVAF.AdditionalAssembly.csproj", "{6CCB9743-0CC3-4F1C-8BBB-4DF2897DDB88}"
EndProject
Project("{FAE04EC0-301F-11D3-BF4B-00C04F79EFBC}") = "CtrlVAF", "CtrlVAF\CtrlVAF.csproj", "{CC724D5E-1339-477A-B608-F738FDF0C7F6}"
EndProject
Global
	GlobalSection(SolutionConfigurationPlatforms) = preSolution
		Debug|Any CPU = Debug|Any CPU
		Release|Any CPU = Release|Any CPU
	EndGlobalSection
	GlobalSection(ProjectConfigurationPlatforms) = postSolution
		{712CCD24-39EA-4E95-9D3E-DEC7D181AC32}.Debug|Any CPU.ActiveCfg = Debug|Any CPU
		{712CCD24-39EA-4E95-9D3E-DEC7D181AC32}.Debug|Any CPU.Build.0 = Debug|Any CPU
		{712CCD24-39EA-4E95-9D3E-DEC7D181AC32}.Release|Any CPU.ActiveCfg = Release|Any CPU
		{712CCD24-39EA-4E95-9D3E-DEC7D181AC32}.Release|Any CPU.Build.0 = Release|Any CPU
		{6CCB9743-0CC3-4F1C-8BBB-4DF2897DDB88}.Debug|Any CPU.ActiveCfg = Debug|Any CPU
		{6CCB9743-0CC3-4F1C-8BBB-4DF2897DDB88}.Debug|Any CPU.Build.0 = Debug|Any CPU
		{6CCB9743-0CC3-4F1C-8BBB-4DF2897DDB88}.Release|Any CPU.ActiveCfg = Release|Any CPU
		{6CCB9743-0CC3-4F1C-8BBB-4DF2897DDB88}.Release|Any CPU.Build.0 = Release|Any CPU
		{CC724D5E-1339-477A-B608-F738FDF0C7F6}.Debug|Any CPU.ActiveCfg = Debug|Any CPU
		{CC724D5E-1339-477A-B608-F738FDF0C7F6}.Debug|Any CPU.Build.0 = Debug|Any CPU
		{CC724D5E-1339-477A-B608-F738FDF0C7F6}.Release|Any CPU.ActiveCfg = Release|Any CPU
		{CC724D5E-1339-477A-B608-F738FDF0C7F6}.Release|Any CPU.Build.0 = Release|Any CPU
	EndGlobalSection
	GlobalSection(SolutionProperties) = preSolution
		HideSolutionNode = FALSE
	EndGlobalSection
	GlobalSection(ExtensibilityGlobals) = postSolution
		SolutionGuid = {AD92337E-9649-4983-9D7D-11EB8A474446}
	EndGlobalSection
EndGlobal
